
Microsoft Visual Studio Solution File, Format Version 12.00
# Visual Studio Version 16
VisualStudioVersion = 16.0.31005.135
MinimumVisualStudioVersion = 10.0.40219.1
Project("{FAE04EC0-301F-11D3-BF4B-00C04F79EFBC}") = "SigTest", "SigTest\SigTest.csproj", "{980FC898-7760-43D7-8F22-FADEA3A62686}"
EndProject
Project("{FAE04EC0-301F-11D3-BF4B-00C04F79EFBC}") = "SigClient", "SigClient\SigClient.csproj", "{0FAD26A6-4AA6-44F0-8BBB-698CD20621FC}"
EndProject
Global
	GlobalSection(SolutionConfigurationPlatforms) = preSolution
		Debug|Any CPU = Debug|Any CPU
		Release|Any CPU = Release|Any CPU
	EndGlobalSection
	GlobalSection(ProjectConfigurationPlatforms) = postSolution
		{980FC898-7760-43D7-8F22-FADEA3A62686}.Debug|Any CPU.ActiveCfg = Debug|Any CPU
		{980FC898-7760-43D7-8F22-FADEA3A62686}.Debug|Any CPU.Build.0 = Debug|Any CPU
		{980FC898-7760-43D7-8F22-FADEA3A62686}.Release|Any CPU.ActiveCfg = Release|Any CPU
		{980FC898-7760-43D7-8F22-FADEA3A62686}.Release|Any CPU.Build.0 = Release|Any CPU
		{0FAD26A6-4AA6-44F0-8BBB-698CD20621FC}.Debug|Any CPU.ActiveCfg = Debug|Any CPU
		{0FAD26A6-4AA6-44F0-8BBB-698CD20621FC}.Debug|Any CPU.Build.0 = Debug|Any CPU
		{0FAD26A6-4AA6-44F0-8BBB-698CD20621FC}.Release|Any CPU.ActiveCfg = Release|Any CPU
		{0FAD26A6-4AA6-44F0-8BBB-698CD20621FC}.Release|Any CPU.Build.0 = Release|Any CPU
	EndGlobalSection
	GlobalSection(SolutionProperties) = preSolution
		HideSolutionNode = FALSE
	EndGlobalSection
	GlobalSection(ExtensibilityGlobals) = postSolution
		SolutionGuid = {21C871F3-43E8-4EF2-BB81-36774FB20E78}
	EndGlobalSection
EndGlobal
